
Microsoft Visual Studio Solution File, Format Version 12.00
Project("{FAE04EC0-301F-11D3-BF4B-00C04F79EFBC}") = "SyncTheater", "SyncTheater\SyncTheater.csproj", "{BE4E67FE-4CD2-4AD2-85DF-98725FC04CB3}"
EndProject
Global
	GlobalSection(SolutionConfigurationPlatforms) = preSolution
		Debug|Any CPU = Debug|Any CPU
		Release|Any CPU = Release|Any CPU
	EndGlobalSection
	GlobalSection(ProjectConfigurationPlatforms) = postSolution
		{BE4E67FE-4CD2-4AD2-85DF-98725FC04CB3}.Debug|Any CPU.ActiveCfg = Debug|Any CPU
		{BE4E67FE-4CD2-4AD2-85DF-98725FC04CB3}.Debug|Any CPU.Build.0 = Debug|Any CPU
		{BE4E67FE-4CD2-4AD2-85DF-98725FC04CB3}.Release|Any CPU.ActiveCfg = Release|Any CPU
		{BE4E67FE-4CD2-4AD2-85DF-98725FC04CB3}.Release|Any CPU.Build.0 = Release|Any CPU
	EndGlobalSection
EndGlobal
